
Microsoft Visual Studio Solution File, Format Version 12.00
# Visual Studio Version 17
VisualStudioVersion = 17.5.33424.131
MinimumVisualStudioVersion = 10.0.40219.1
Project("{FAE04EC0-301F-11D3-BF4B-00C04F79EFBC}") = "Variaveis", "Variaveis.csproj", "{80370AD1-8A77-46B8-96BD-C64519F6F290}"
EndProject
Global
	GlobalSection(SolutionConfigurationPlatforms) = preSolution
		Debug|Any CPU = Debug|Any CPU
		Release|Any CPU = Release|Any CPU
	EndGlobalSection
	GlobalSection(ProjectConfigurationPlatforms) = postSolution
		{80370AD1-8A77-46B8-96BD-C64519F6F290}.Debug|Any CPU.ActiveCfg = Debug|Any CPU
		{80370AD1-8A77-46B8-96BD-C64519F6F290}.Debug|Any CPU.Build.0 = Debug|Any CPU
		{80370AD1-8A77-46B8-96BD-C64519F6F290}.Release|Any CPU.ActiveCfg = Release|Any CPU
		{80370AD1-8A77-46B8-96BD-C64519F6F290}.Release|Any CPU.Build.0 = Release|Any CPU
	EndGlobalSection
	GlobalSection(SolutionProperties) = preSolution
		HideSolutionNode = FALSE
	EndGlobalSection
	GlobalSection(ExtensibilityGlobals) = postSolution
		SolutionGuid = {EC3DAC45-27A5-41F4-A7A1-23700E1BF9D2}
	EndGlobalSection
EndGlobal
